// !$*UTF8*$!
{
	archiveVersion = 1;
	classes = {
	};
	objectVersion = 46;
	objects = {

/* Begin PBXBuildFile section */
		90F69E895AB6BDFDD952C60D /* Pods_vus.framework in Frameworks */ = {isa = PBXBuildFile; fileRef = 7CA6F2FA2731F9CB2E91195E /* Pods_vus.framework */; };
		B29F55BA1EA888EE00B46389 /* AppDelegate.swift in Sources */ = {isa = PBXBuildFile; fileRef = B29F55B91EA888EE00B46389 /* AppDelegate.swift */; };
		B29F55BC1EA888EE00B46389 /* ViewController.swift in Sources */ = {isa = PBXBuildFile; fileRef = B29F55BB1EA888EE00B46389 /* ViewController.swift */; };
		B29F55BF1EA888EE00B46389 /* Main.storyboard in Resources */ = {isa = PBXBuildFile; fileRef = B29F55BD1EA888EE00B46389 /* Main.storyboard */; };
		B29F55C11EA888EE00B46389 /* Assets.xcassets in Resources */ = {isa = PBXBuildFile; fileRef = B29F55C01EA888EE00B46389 /* Assets.xcassets */; };
		B29F55C41EA888EE00B46389 /* LaunchScreen.storyboard in Resources */ = {isa = PBXBuildFile; fileRef = B29F55C21EA888EE00B46389 /* LaunchScreen.storyboard */; };
		B29F55CF1EA8904900B46389 /* DBManager.swift in Sources */ = {isa = PBXBuildFile; fileRef = B29F55CE1EA8904900B46389 /* DBManager.swift */; };
		B29F55D11EA8A21000B46389 /* Login.storyboard in Resources */ = {isa = PBXBuildFile; fileRef = B29F55D01EA8A21000B46389 /* Login.storyboard */; };
		B29F55D31EA8A22200B46389 /* Chat.storyboard in Resources */ = {isa = PBXBuildFile; fileRef = B29F55D21EA8A22200B46389 /* Chat.storyboard */; };
		B29F55D51EA8A22900B46389 /* Empty.storyboard in Resources */ = {isa = PBXBuildFile; fileRef = B29F55D41EA8A22900B46389 /* Empty.storyboard */; };
		B29F55D81EA8A4BC00B46389 /* FlowController.swift in Sources */ = {isa = PBXBuildFile; fileRef = B29F55D71EA8A4BC00B46389 /* FlowController.swift */; };
		B29F55DA1EA8A70500B46389 /* LoginViewController.swift in Sources */ = {isa = PBXBuildFile; fileRef = B29F55D91EA8A70400B46389 /* LoginViewController.swift */; };
		B29F55DC1EA8AB2D00B46389 /* MainViewController.swift in Sources */ = {isa = PBXBuildFile; fileRef = B29F55DB1EA8AB2D00B46389 /* MainViewController.swift */; };
		B29F55DE1EA8BDB500B46389 /* Room.swift in Sources */ = {isa = PBXBuildFile; fileRef = B29F55DD1EA8BDB500B46389 /* Room.swift */; };
		B29F55E01EA8CA5D00B46389 /* ChatViewController.swift in Sources */ = {isa = PBXBuildFile; fileRef = B29F55DF1EA8CA5D00B46389 /* ChatViewController.swift */; };
		B29F55E21EA8D62A00B46389 /* Message.swift in Sources */ = {isa = PBXBuildFile; fileRef = B29F55E11EA8D62A00B46389 /* Message.swift */; };
		B2F1124A1EB21D9500E8650F /* GoogleService-Info.plist in Resources */ = {isa = PBXBuildFile; fileRef = B2F112491EB21D9500E8650F /* GoogleService-Info.plist */; };
/* End PBXBuildFile section */

/* Begin PBXFileReference section */
		7CA6F2FA2731F9CB2E91195E /* Pods_vus.framework */ = {isa = PBXFileReference; explicitFileType = wrapper.framework; includeInIndex = 0; path = Pods_vus.framework; sourceTree = BUILT_PRODUCTS_DIR; };
		89E83F6854CBE7808C599CC4 /* Pods-vus.release.xcconfig */ = {isa = PBXFileReference; includeInIndex = 1; lastKnownFileType = text.xcconfig; name = "Pods-vus.release.xcconfig"; path = "Pods/Target Support Files/Pods-vus/Pods-vus.release.xcconfig"; sourceTree = "<group>"; };
		AB122F98E4FCE4B1C73664D6 /* Pods-vus.debug.xcconfig */ = {isa = PBXFileReference; includeInIndex = 1; lastKnownFileType = text.xcconfig; name = "Pods-vus.debug.xcconfig"; path = "Pods/Target Support Files/Pods-vus/Pods-vus.debug.xcconfig"; sourceTree = "<group>"; };
		B29F55B61EA888EE00B46389 /* vus.app */ = {isa = PBXFileReference; explicitFileType = wrapper.application; includeInIndex = 0; path = vus.app; sourceTree = BUILT_PRODUCTS_DIR; };
		B29F55B91EA888EE00B46389 /* AppDelegate.swift */ = {isa = PBXFileReference; lastKnownFileType = sourcecode.swift; path = AppDelegate.swift; sourceTree = "<group>"; };
		B29F55BB1EA888EE00B46389 /* ViewController.swift */ = {isa = PBXFileReference; lastKnownFileType = sourcecode.swift; path = ViewController.swift; sourceTree = "<group>"; };
		B29F55BE1EA888EE00B46389 /* Base */ = {isa = PBXFileReference; lastKnownFileType = file.storyboard; name = Base; path = Base.lproj/Main.storyboard; sourceTree = "<group>"; };
		B29F55C01EA888EE00B46389 /* Assets.xcassets */ = {isa = PBXFileReference; lastKnownFileType = folder.assetcatalog; path = Assets.xcassets; sourceTree = "<group>"; };
		B29F55C31EA888EE00B46389 /* Base */ = {isa = PBXFileReference; lastKnownFileType = file.storyboard; name = Base; path = Base.lproj/LaunchScreen.storyboard; sourceTree = "<group>"; };
		B29F55C51EA888EE00B46389 /* Info.plist */ = {isa = PBXFileReference; lastKnownFileType = text.plist.xml; path = Info.plist; sourceTree = "<group>"; };
		B29F55CE1EA8904900B46389 /* DBManager.swift */ = {isa = PBXFileReference; fileEncoding = 4; lastKnownFileType = sourcecode.swift; path = DBManager.swift; sourceTree = "<group>"; };
		B29F55D01EA8A21000B46389 /* Login.storyboard */ = {isa = PBXFileReference; fileEncoding = 4; lastKnownFileType = file.storyboard; path = Login.storyboard; sourceTree = "<group>"; };
		B29F55D21EA8A22200B46389 /* Chat.storyboard */ = {isa = PBXFileReference; fileEncoding = 4; lastKnownFileType = file.storyboard; path = Chat.storyboard; sourceTree = "<group>"; };
		B29F55D41EA8A22900B46389 /* Empty.storyboard */ = {isa = PBXFileReference; fileEncoding = 4; lastKnownFileType = file.storyboard; path = Empty.storyboard; sourceTree = "<group>"; };
		B29F55D71EA8A4BC00B46389 /* FlowController.swift */ = {isa = PBXFileReference; fileEncoding = 4; lastKnownFileType = sourcecode.swift; path = FlowController.swift; sourceTree = "<group>"; };
		B29F55D91EA8A70400B46389 /* LoginViewController.swift */ = {isa = PBXFileReference; fileEncoding = 4; lastKnownFileType = sourcecode.swift; path = LoginViewController.swift; sourceTree = "<group>"; };
		B29F55DB1EA8AB2D00B46389 /* MainViewController.swift */ = {isa = PBXFileReference; fileEncoding = 4; lastKnownFileType = sourcecode.swift; path = MainViewController.swift; sourceTree = "<group>"; };
		B29F55DD1EA8BDB500B46389 /* Room.swift */ = {isa = PBXFileReference; fileEncoding = 4; lastKnownFileType = sourcecode.swift; path = Room.swift; sourceTree = "<group>"; };
		B29F55DF1EA8CA5D00B46389 /* ChatViewController.swift */ = {isa = PBXFileReference; fileEncoding = 4; lastKnownFileType = sourcecode.swift; path = ChatViewController.swift; sourceTree = "<group>"; };
		B29F55E11EA8D62A00B46389 /* Message.swift */ = {isa = PBXFileReference; fileEncoding = 4; lastKnownFileType = sourcecode.swift; path = Message.swift; sourceTree = "<group>"; };
		B2F112481EB2173700E8650F /* vus.entitlements */ = {isa = PBXFileReference; lastKnownFileType = text.plist.entitlements; path = vus.entitlements; sourceTree = "<group>"; };
		B2F112491EB21D9500E8650F /* GoogleService-Info.plist */ = {isa = PBXFileReference; fileEncoding = 4; lastKnownFileType = text.plist.xml; path = "GoogleService-Info.plist"; sourceTree = "<group>"; };
/* End PBXFileReference section */

/* Begin PBXFrameworksBuildPhase section */
		B29F55B31EA888EE00B46389 /* Frameworks */ = {
			isa = PBXFrameworksBuildPhase;
			buildActionMask = 2147483647;
			files = (
				90F69E895AB6BDFDD952C60D /* Pods_vus.framework in Frameworks */,
			);
			runOnlyForDeploymentPostprocessing = 0;
		};
/* End PBXFrameworksBuildPhase section */

/* Begin PBXGroup section */
		1BE6C65C56B81CBA8515AA51 /* Frameworks */ = {
			isa = PBXGroup;
			children = (
				7CA6F2FA2731F9CB2E91195E /* Pods_vus.framework */,
			);
			name = Frameworks;
			sourceTree = "<group>";
		};
		41674E43D6C02E8BF6A9ECA9 /* Pods */ = {
			isa = PBXGroup;
			children = (
				AB122F98E4FCE4B1C73664D6 /* Pods-vus.debug.xcconfig */,
				89E83F6854CBE7808C599CC4 /* Pods-vus.release.xcconfig */,
			);
			name = Pods;
			sourceTree = "<group>";
		};
		B29F55AD1EA888EE00B46389 = {
			isa = PBXGroup;
			children = (
				B29F55B81EA888EE00B46389 /* vus */,
				B29F55B71EA888EE00B46389 /* Products */,
				41674E43D6C02E8BF6A9ECA9 /* Pods */,
				1BE6C65C56B81CBA8515AA51 /* Frameworks */,
			);
			sourceTree = "<group>";
		};
		B29F55B71EA888EE00B46389 /* Products */ = {
			isa = PBXGroup;
			children = (
				B29F55B61EA888EE00B46389 /* vus.app */,
			);
			name = Products;
			sourceTree = "<group>";
		};
		B29F55B81EA888EE00B46389 /* vus */ = {
			isa = PBXGroup;
			children = (
				B2F112481EB2173700E8650F /* vus.entitlements */,
				B29F55D61EA8A47000B46389 /* Controller */,
				B29F55CD1EA8901F00B46389 /* Model */,
				B29F55B91EA888EE00B46389 /* AppDelegate.swift */,
				B29F55BB1EA888EE00B46389 /* ViewController.swift */,
				B29F55D01EA8A21000B46389 /* Login.storyboard */,
				B29F55D21EA8A22200B46389 /* Chat.storyboard */,
				B29F55D41EA8A22900B46389 /* Empty.storyboard */,
				B29F55BD1EA888EE00B46389 /* Main.storyboard */,
				B29F55C01EA888EE00B46389 /* Assets.xcassets */,
				B29F55C21EA888EE00B46389 /* LaunchScreen.storyboard */,
				B29F55C51EA888EE00B46389 /* Info.plist */,
				B2F112491EB21D9500E8650F /* GoogleService-Info.plist */,
			);
			path = vus;
			sourceTree = "<group>";
		};
		B29F55CD1EA8901F00B46389 /* Model */ = {
			isa = PBXGroup;
			children = (
				B29F55CE1EA8904900B46389 /* DBManager.swift */,
				B29F55DD1EA8BDB500B46389 /* Room.swift */,
				B29F55E11EA8D62A00B46389 /* Message.swift */,
			);
			name = Model;
			sourceTree = "<group>";
		};
		B29F55D61EA8A47000B46389 /* Controller */ = {
			isa = PBXGroup;
			children = (
				B29F55D71EA8A4BC00B46389 /* FlowController.swift */,
				B29F55D91EA8A70400B46389 /* LoginViewController.swift */,
				B29F55DB1EA8AB2D00B46389 /* MainViewController.swift */,
				B29F55DF1EA8CA5D00B46389 /* ChatViewController.swift */,
			);
			name = Controller;
			sourceTree = "<group>";
		};
/* End PBXGroup section */

/* Begin PBXNativeTarget section */
		B29F55B51EA888EE00B46389 /* vus */ = {
			isa = PBXNativeTarget;
			buildConfigurationList = B29F55C81EA888EE00B46389 /* Build configuration list for PBXNativeTarget "vus" */;
			buildPhases = (
				566440ABF5A2E1538AD6F531 /* [CP] Check Pods Manifest.lock */,
				B29F55B21EA888EE00B46389 /* Sources */,
				B29F55B31EA888EE00B46389 /* Frameworks */,
				B29F55B41EA888EE00B46389 /* Resources */,
				0372C2D9F4D2DA4689F59CEE /* [CP] Embed Pods Frameworks */,
				64AE45DD685F87FBA7EA1361 /* [CP] Copy Pods Resources */,
			);
			buildRules = (
			);
			dependencies = (
			);
			name = vus;
			productName = vus;
			productReference = B29F55B61EA888EE00B46389 /* vus.app */;
			productType = "com.apple.product-type.application";
		};
/* End PBXNativeTarget section */

/* Begin PBXProject section */
		B29F55AE1EA888EE00B46389 /* Project object */ = {
			isa = PBXProject;
			attributes = {
				LastSwiftUpdateCheck = 0820;
				LastUpgradeCheck = 0820;
				ORGANIZATIONNAME = xcoder.solutions;
				TargetAttributes = {
					B29F55B51EA888EE00B46389 = {
						CreatedOnToolsVersion = 8.2.1;
						DevelopmentTeam = J7YZTH9Z4F;
						ProvisioningStyle = Automatic;
						SystemCapabilities = {
							com.apple.Push = {
								enabled = 1;
							};
						};
					};
				};
			};
			buildConfigurationList = B29F55B11EA888EE00B46389 /* Build configuration list for PBXProject "vus" */;
			compatibilityVersion = "Xcode 3.2";
			developmentRegion = English;
			hasScannedForEncodings = 0;
			knownRegions = (
				en,
				Base,
			);
			mainGroup = B29F55AD1EA888EE00B46389;
			productRefGroup = B29F55B71EA888EE00B46389 /* Products */;
			projectDirPath = "";
			projectRoot = "";
			targets = (
				B29F55B51EA888EE00B46389 /* vus */,
			);
		};
/* End PBXProject section */

/* Begin PBXResourcesBuildPhase section */
		B29F55B41EA888EE00B46389 /* Resources */ = {
			isa = PBXResourcesBuildPhase;
			buildActionMask = 2147483647;
			files = (
				B29F55D31EA8A22200B46389 /* Chat.storyboard in Resources */,
				B29F55D51EA8A22900B46389 /* Empty.storyboard in Resources */,
				B29F55C41EA888EE00B46389 /* LaunchScreen.storyboard in Resources */,
				B29F55C11EA888EE00B46389 /* Assets.xcassets in Resources */,
				B29F55D11EA8A21000B46389 /* Login.storyboard in Resources */,
				B29F55BF1EA888EE00B46389 /* Main.storyboard in Resources */,
				B2F1124A1EB21D9500E8650F /* GoogleService-Info.plist in Resources */,
			);
			runOnlyForDeploymentPostprocessing = 0;
		};
/* End PBXResourcesBuildPhase section */

/* Begin PBXShellScriptBuildPhase section */
		0372C2D9F4D2DA4689F59CEE /* [CP] Embed Pods Frameworks */ = {
			isa = PBXShellScriptBuildPhase;
			buildActionMask = 2147483647;
			files = (
			);
			inputPaths = (
			);
			name = "[CP] Embed Pods Frameworks";
			outputPaths = (
			);
			runOnlyForDeploymentPostprocessing = 0;
			shellPath = /bin/sh;
			shellScript = "\"${SRCROOT}/Pods/Target Support Files/Pods-vus/Pods-vus-frameworks.sh\"\n";
			showEnvVarsInLog = 0;
		};
		566440ABF5A2E1538AD6F531 /* [CP] Check Pods Manifest.lock */ = {
			isa = PBXShellScriptBuildPhase;
			buildActionMask = 2147483647;
			files = (
			);
			inputPaths = (
			);
			name = "[CP] Check Pods Manifest.lock";
			outputPaths = (
			);
			runOnlyForDeploymentPostprocessing = 0;
			shellPath = /bin/sh;
			shellScript = "diff \"${PODS_ROOT}/../Podfile.lock\" \"${PODS_ROOT}/Manifest.lock\" > /dev/null\nif [ $? != 0 ] ; then\n    # print error to STDERR\n    echo \"error: The sandbox is not in sync with the Podfile.lock. Run 'pod install' or update your CocoaPods installation.\" >&2\n    exit 1\nfi\n";
			showEnvVarsInLog = 0;
		};
		64AE45DD685F87FBA7EA1361 /* [CP] Copy Pods Resources */ = {
			isa = PBXShellScriptBuildPhase;
			buildActionMask = 2147483647;
			files = (
			);
			inputPaths = (
			);
			name = "[CP] Copy Pods Resources";
			outputPaths = (
			);
			runOnlyForDeploymentPostprocessing = 0;
			shellPath = /bin/sh;
			shellScript = "\"${SRCROOT}/Pods/Target Support Files/Pods-vus/Pods-vus-resources.sh\"\n";
			showEnvVarsInLog = 0;
		};
/* End PBXShellScriptBuildPhase section */

/* Begin PBXSourcesBuildPhase section */
		B29F55B21EA888EE00B46389 /* Sources */ = {
			isa = PBXSourcesBuildPhase;
			buildActionMask = 2147483647;
			files = (
				B29F55BC1EA888EE00B46389 /* ViewController.swift in Sources */,
				B29F55CF1EA8904900B46389 /* DBManager.swift in Sources */,
				B29F55E01EA8CA5D00B46389 /* ChatViewController.swift in Sources */,
				B29F55E21EA8D62A00B46389 /* Message.swift in Sources */,
				B29F55DE1EA8BDB500B46389 /* Room.swift in Sources */,
				B29F55BA1EA888EE00B46389 /* AppDelegate.swift in Sources */,
				B29F55DC1EA8AB2D00B46389 /* MainViewController.swift in Sources */,
				B29F55DA1EA8A70500B46389 /* LoginViewController.swift in Sources */,
				B29F55D81EA8A4BC00B46389 /* FlowController.swift in Sources */,
			);
			runOnlyForDeploymentPostprocessing = 0;
		};
/* End PBXSourcesBuildPhase section */

/* Begin PBXVariantGroup section */
		B29F55BD1EA888EE00B46389 /* Main.storyboard */ = {
			isa = PBXVariantGroup;
			children = (
				B29F55BE1EA888EE00B46389 /* Base */,
			);
			name = Main.storyboard;
			sourceTree = "<group>";
		};
		B29F55C21EA888EE00B46389 /* LaunchScreen.storyboard */ = {
			isa = PBXVariantGroup;
			children = (
				B29F55C31EA888EE00B46389 /* Base */,
			);
			name = LaunchScreen.storyboard;
			sourceTree = "<group>";
		};
/* End PBXVariantGroup section */

/* Begin XCBuildConfiguration section */
		B29F55C61EA888EE00B46389 /* Debug */ = {
			isa = XCBuildConfiguration;
			buildSettings = {
				ALWAYS_SEARCH_USER_PATHS = NO;
				CLANG_ANALYZER_NONNULL = YES;
				CLANG_CXX_LANGUAGE_STANDARD = "gnu++0x";
				CLANG_CXX_LIBRARY = "libc++";
				CLANG_ENABLE_MODULES = YES;
				CLANG_ENABLE_OBJC_ARC = YES;
				CLANG_WARN_BOOL_CONVERSION = YES;
				CLANG_WARN_CONSTANT_CONVERSION = YES;
				CLANG_WARN_DIRECT_OBJC_ISA_USAGE = YES_ERROR;
				CLANG_WARN_DOCUMENTATION_COMMENTS = YES;
				CLANG_WARN_EMPTY_BODY = YES;
				CLANG_WARN_ENUM_CONVERSION = YES;
				CLANG_WARN_INFINITE_RECURSION = YES;
				CLANG_WARN_INT_CONVERSION = YES;
				CLANG_WARN_OBJC_ROOT_CLASS = YES_ERROR;
				CLANG_WARN_SUSPICIOUS_MOVE = YES;
				CLANG_WARN_UNREACHABLE_CODE = YES;
				CLANG_WARN__DUPLICATE_METHOD_MATCH = YES;
				"CODE_SIGN_IDENTITY[sdk=iphoneos*]" = "iPhone Developer";
				COPY_PHASE_STRIP = NO;
				DEBUG_INFORMATION_FORMAT = dwarf;
				ENABLE_STRICT_OBJC_MSGSEND = YES;
				ENABLE_TESTABILITY = YES;
				GCC_C_LANGUAGE_STANDARD = gnu99;
				GCC_DYNAMIC_NO_PIC = NO;
				GCC_NO_COMMON_BLOCKS = YES;
				GCC_OPTIMIZATION_LEVEL = 0;
				GCC_PREPROCESSOR_DEFINITIONS = (
					"DEBUG=1",
					"$(inherited)",
				);
				GCC_WARN_64_TO_32_BIT_CONVERSION = YES;
				GCC_WARN_ABOUT_RETURN_TYPE = YES_ERROR;
				GCC_WARN_UNDECLARED_SELECTOR = YES;
				GCC_WARN_UNINITIALIZED_AUTOS = YES_AGGRESSIVE;
				GCC_WARN_UNUSED_FUNCTION = YES;
				GCC_WARN_UNUSED_VARIABLE = YES;
				IPHONEOS_DEPLOYMENT_TARGET = 10.2;
				MTL_ENABLE_DEBUG_INFO = YES;
				ONLY_ACTIVE_ARCH = YES;
				SDKROOT = iphoneos;
				SWIFT_ACTIVE_COMPILATION_CONDITIONS = DEBUG;
				SWIFT_OPTIMIZATION_LEVEL = "-Onone";
			};
			name = Debug;
		};
		B29F55C71EA888EE00B46389 /* Release */ = {
			isa = XCBuildConfiguration;
			buildSettings = {
				ALWAYS_SEARCH_USER_PATHS = NO;
				CLANG_ANALYZER_NONNULL = YES;
				CLANG_CXX_LANGUAGE_STANDARD = "gnu++0x";
				CLANG_CXX_LIBRARY = "libc++";
				CLANG_ENABLE_MODULES = YES;
				CLANG_ENABLE_OBJC_ARC = YES;
				CLANG_WARN_BOOL_CONVERSION = YES;
				CLANG_WARN_CONSTANT_CONVERSION = YES;
				CLANG_WARN_DIRECT_OBJC_ISA_USAGE = YES_ERROR;
				CLANG_WARN_DOCUMENTATION_COMMENTS = YES;
				CLANG_WARN_EMPTY_BODY = YES;
				CLANG_WARN_ENUM_CONVERSION = YES;
				CLANG_WARN_INFINITE_RECURSION = YES;
				CLANG_WARN_INT_CONVERSION = YES;
				CLANG_WARN_OBJC_ROOT_CLASS = YES_ERROR;
				CLANG_WARN_SUSPICIOUS_MOVE = YES;
				CLANG_WARN_UNREACHABLE_CODE = YES;
				CLANG_WARN__DUPLICATE_METHOD_MATCH = YES;
				"CODE_SIGN_IDENTITY[sdk=iphoneos*]" = "iPhone Developer";
				COPY_PHASE_STRIP = NO;
				DEBUG_INFORMATION_FORMAT = "dwarf-with-dsym";
				ENABLE_NS_ASSERTIONS = NO;
				ENABLE_STRICT_OBJC_MSGSEND = YES;
				GCC_C_LANGUAGE_STANDARD = gnu99;
				GCC_NO_COMMON_BLOCKS = YES;
				GCC_WARN_64_TO_32_BIT_CONVERSION = YES;
				GCC_WARN_ABOUT_RETURN_TYPE = YES_ERROR;
				GCC_WARN_UNDECLARED_SELECTOR = YES;
				GCC_WARN_UNINITIALIZED_AUTOS = YES_AGGRESSIVE;
				GCC_WARN_UNUSED_FUNCTION = YES;
				GCC_WARN_UNUSED_VARIABLE = YES;
				IPHONEOS_DEPLOYMENT_TARGET = 10.2;
				MTL_ENABLE_DEBUG_INFO = NO;
				SDKROOT = iphoneos;
				SWIFT_OPTIMIZATION_LEVEL = "-Owholemodule";
				VALIDATE_PRODUCT = YES;
			};
			name = Release;
		};
		B29F55C91EA888EE00B46389 /* Debug */ = {
			isa = XCBuildConfiguration;
			baseConfigurationReference = AB122F98E4FCE4B1C73664D6 /* Pods-vus.debug.xcconfig */;
			buildSettings = {
				ASSETCATALOG_COMPILER_APPICON_NAME = AppIcon;
				CODE_SIGN_ENTITLEMENTS = vus/vus.entitlements;
				DEVELOPMENT_TEAM = J7YZTH9Z4F;
				INFOPLIST_FILE = vus/Info.plist;
				IPHONEOS_DEPLOYMENT_TARGET = 9.0;
				LD_RUNPATH_SEARCH_PATHS = "$(inherited) @executable_path/Frameworks";
				PRODUCT_BUNDLE_IDENTIFIER = xcoder.solutions.vus;
				PRODUCT_NAME = "$(TARGET_NAME)";
				SWIFT_VERSION = 3.0;
			};
			name = Debug;
		};
		B29F55CA1EA888EE00B46389 /* Release */ = {
			isa = XCBuildConfiguration;
			baseConfigurationReference = 89E83F6854CBE7808C599CC4 /* Pods-vus.release.xcconfig */;
			buildSettings = {
				ASSETCATALOG_COMPILER_APPICON_NAME = AppIcon;
				CODE_SIGN_ENTITLEMENTS = vus/vus.entitlements;
				DEVELOPMENT_TEAM = J7YZTH9Z4F;
				INFOPLIST_FILE = vus/Info.plist;
				IPHONEOS_DEPLOYMENT_TARGET = 9.0;
				LD_RUNPATH_SEARCH_PATHS = "$(inherited) @executable_path/Frameworks";
				PRODUCT_BUNDLE_IDENTIFIER = xcoder.solutions.vus;
				PRODUCT_NAME = "$(TARGET_NAME)";
				SWIFT_VERSION = 3.0;
			};
			name = Release;
		};
/* End XCBuildConfiguration section */

/* Begin XCConfigurationList section */
		B29F55B11EA888EE00B46389 /* Build configuration list for PBXProject "vus" */ = {
			isa = XCConfigurationList;
			buildConfigurations = (
				B29F55C61EA888EE00B46389 /* Debug */,
				B29F55C71EA888EE00B46389 /* Release */,
			);
			defaultConfigurationIsVisible = 0;
			defaultConfigurationName = Release;
		};
		B29F55C81EA888EE00B46389 /* Build configuration list for PBXNativeTarget "vus" */ = {
			isa = XCConfigurationList;
			buildConfigurations = (
				B29F55C91EA888EE00B46389 /* Debug */,
				B29F55CA1EA888EE00B46389 /* Release */,
			);
			defaultConfigurationIsVisible = 0;
			defaultConfigurationName = Release;
		};
/* End XCConfigurationList section */
	};
	rootObject = B29F55AE1EA888EE00B46389 /* Project object */;
}
