// !$*UTF8*$!
{
	archiveVersion = 1;
	classes = {
	};
	objectVersion = 46;
	objects = {

/* Begin PBXBuildFile section */
		965C383F615EB6A616B98821 /* Pods_AutomCompleteProject.framework in Frameworks */ = {isa = PBXBuildFile; fileRef = 4BC3026DB309A1DDA25E4548 /* Pods_AutomCompleteProject.framework */; };
		B20461DE1E7FEB5300C88AED /* AppDelegate.swift in Sources */ = {isa = PBXBuildFile; fileRef = B20461DD1E7FEB5300C88AED /* AppDelegate.swift */; };
		B20461E01E7FEB5300C88AED /* ViewController.swift in Sources */ = {isa = PBXBuildFile; fileRef = B20461DF1E7FEB5300C88AED /* ViewController.swift */; };
		B20461E31E7FEB5300C88AED /* Main.storyboard in Resources */ = {isa = PBXBuildFile; fileRef = B20461E11E7FEB5300C88AED /* Main.storyboard */; };
		B20461E51E7FEB5300C88AED /* Assets.xcassets in Resources */ = {isa = PBXBuildFile; fileRef = B20461E41E7FEB5300C88AED /* Assets.xcassets */; };
		B20461E81E7FEB5300C88AED /* LaunchScreen.storyboard in Resources */ = {isa = PBXBuildFile; fileRef = B20461E61E7FEB5300C88AED /* LaunchScreen.storyboard */; };
/* End PBXBuildFile section */

/* Begin PBXFileReference section */
		4BC3026DB309A1DDA25E4548 /* Pods_AutomCompleteProject.framework */ = {isa = PBXFileReference; explicitFileType = wrapper.framework; includeInIndex = 0; path = Pods_AutomCompleteProject.framework; sourceTree = BUILT_PRODUCTS_DIR; };
		9F1F79C66B72354B576D26E5 /* Pods-AutomCompleteProject.debug.xcconfig */ = {isa = PBXFileReference; includeInIndex = 1; lastKnownFileType = text.xcconfig; name = "Pods-AutomCompleteProject.debug.xcconfig"; path = "Pods/Target Support Files/Pods-AutomCompleteProject/Pods-AutomCompleteProject.debug.xcconfig"; sourceTree = "<group>"; };
		B20461DA1E7FEB5300C88AED /* AutomCompleteProject.app */ = {isa = PBXFileReference; explicitFileType = wrapper.application; includeInIndex = 0; path = AutomCompleteProject.app; sourceTree = BUILT_PRODUCTS_DIR; };
		B20461DD1E7FEB5300C88AED /* AppDelegate.swift */ = {isa = PBXFileReference; lastKnownFileType = sourcecode.swift; path = AppDelegate.swift; sourceTree = "<group>"; };
		B20461DF1E7FEB5300C88AED /* ViewController.swift */ = {isa = PBXFileReference; lastKnownFileType = sourcecode.swift; path = ViewController.swift; sourceTree = "<group>"; };
		B20461E21E7FEB5300C88AED /* Base */ = {isa = PBXFileReference; lastKnownFileType = file.storyboard; name = Base; path = Base.lproj/Main.storyboard; sourceTree = "<group>"; };
		B20461E41E7FEB5300C88AED /* Assets.xcassets */ = {isa = PBXFileReference; lastKnownFileType = folder.assetcatalog; path = Assets.xcassets; sourceTree = "<group>"; };
		B20461E71E7FEB5300C88AED /* Base */ = {isa = PBXFileReference; lastKnownFileType = file.storyboard; name = Base; path = Base.lproj/LaunchScreen.storyboard; sourceTree = "<group>"; };
		B20461E91E7FEB5300C88AED /* Info.plist */ = {isa = PBXFileReference; lastKnownFileType = text.plist.xml; path = Info.plist; sourceTree = "<group>"; };
		B20461EF1E7FED4000C88AED /* he */ = {isa = PBXFileReference; lastKnownFileType = text.plist.strings; name = he; path = he.lproj/Main.strings; sourceTree = "<group>"; };
		B20461F01E7FED4000C88AED /* he */ = {isa = PBXFileReference; lastKnownFileType = text.plist.strings; name = he; path = he.lproj/LaunchScreen.strings; sourceTree = "<group>"; };
		F8D8A43BE27A6D1A31E82F86 /* Pods-AutomCompleteProject.release.xcconfig */ = {isa = PBXFileReference; includeInIndex = 1; lastKnownFileType = text.xcconfig; name = "Pods-AutomCompleteProject.release.xcconfig"; path = "Pods/Target Support Files/Pods-AutomCompleteProject/Pods-AutomCompleteProject.release.xcconfig"; sourceTree = "<group>"; };
/* End PBXFileReference section */

/* Begin PBXFrameworksBuildPhase section */
		B20461D71E7FEB5300C88AED /* Frameworks */ = {
			isa = PBXFrameworksBuildPhase;
			buildActionMask = 2147483647;
			files = (
				965C383F615EB6A616B98821 /* Pods_AutomCompleteProject.framework in Frameworks */,
			);
			runOnlyForDeploymentPostprocessing = 0;
		};
/* End PBXFrameworksBuildPhase section */

/* Begin PBXGroup section */
		83CD98C35C9C6E7D6A7A27BB /* Pods */ = {
			isa = PBXGroup;
			children = (
				9F1F79C66B72354B576D26E5 /* Pods-AutomCompleteProject.debug.xcconfig */,
				F8D8A43BE27A6D1A31E82F86 /* Pods-AutomCompleteProject.release.xcconfig */,
			);
			name = Pods;
			sourceTree = "<group>";
		};
		A8F1D4CB9A5EF81A1BA7E03B /* Frameworks */ = {
			isa = PBXGroup;
			children = (
				4BC3026DB309A1DDA25E4548 /* Pods_AutomCompleteProject.framework */,
			);
			name = Frameworks;
			sourceTree = "<group>";
		};
		B20461D11E7FEB5300C88AED = {
			isa = PBXGroup;
			children = (
				B20461DC1E7FEB5300C88AED /* AutomCompleteProject */,
				B20461DB1E7FEB5300C88AED /* Products */,
				83CD98C35C9C6E7D6A7A27BB /* Pods */,
				A8F1D4CB9A5EF81A1BA7E03B /* Frameworks */,
			);
			sourceTree = "<group>";
		};
		B20461DB1E7FEB5300C88AED /* Products */ = {
			isa = PBXGroup;
			children = (
				B20461DA1E7FEB5300C88AED /* AutomCompleteProject.app */,
			);
			name = Products;
			sourceTree = "<group>";
		};
		B20461DC1E7FEB5300C88AED /* AutomCompleteProject */ = {
			isa = PBXGroup;
			children = (
				B20461DD1E7FEB5300C88AED /* AppDelegate.swift */,
				B20461DF1E7FEB5300C88AED /* ViewController.swift */,
				B20461E11E7FEB5300C88AED /* Main.storyboard */,
				B20461E41E7FEB5300C88AED /* Assets.xcassets */,
				B20461E61E7FEB5300C88AED /* LaunchScreen.storyboard */,
				B20461E91E7FEB5300C88AED /* Info.plist */,
			);
			path = AutomCompleteProject;
			sourceTree = "<group>";
		};
/* End PBXGroup section */

/* Begin PBXNativeTarget section */
		B20461D91E7FEB5300C88AED /* AutomCompleteProject */ = {
			isa = PBXNativeTarget;
			buildConfigurationList = B20461EC1E7FEB5300C88AED /* Build configuration list for PBXNativeTarget "AutomCompleteProject" */;
			buildPhases = (
				7DE9C52E35A94A865EBCD1CB /* [CP] Check Pods Manifest.lock */,
				B20461D61E7FEB5300C88AED /* Sources */,
				B20461D71E7FEB5300C88AED /* Frameworks */,
				B20461D81E7FEB5300C88AED /* Resources */,
				E6B03299CCCCC204536469CA /* [CP] Embed Pods Frameworks */,
				C41ADFD17C30EF2F61C44158 /* [CP] Copy Pods Resources */,
			);
			buildRules = (
			);
			dependencies = (
			);
			name = AutomCompleteProject;
			productName = AutomCompleteProject;
			productReference = B20461DA1E7FEB5300C88AED /* AutomCompleteProject.app */;
			productType = "com.apple.product-type.application";
		};
/* End PBXNativeTarget section */

/* Begin PBXProject section */
		B20461D21E7FEB5300C88AED /* Project object */ = {
			isa = PBXProject;
			attributes = {
				LastSwiftUpdateCheck = 0820;
				LastUpgradeCheck = 0820;
				ORGANIZATIONNAME = xcoder.solutions;
				TargetAttributes = {
					B20461D91E7FEB5300C88AED = {
						CreatedOnToolsVersion = 8.2.1;
						ProvisioningStyle = Automatic;
					};
				};
			};
			buildConfigurationList = B20461D51E7FEB5300C88AED /* Build configuration list for PBXProject "AutomCompleteProject" */;
			compatibilityVersion = "Xcode 3.2";
			developmentRegion = English;
			hasScannedForEncodings = 0;
			knownRegions = (
				en,
				Base,
			);
			mainGroup = B20461D11E7FEB5300C88AED;
			productRefGroup = B20461DB1E7FEB5300C88AED /* Products */;
			projectDirPath = "";
			projectRoot = "";
			targets = (
				B20461D91E7FEB5300C88AED /* AutomCompleteProject */,
			);
		};
/* End PBXProject section */

/* Begin PBXResourcesBuildPhase section */
		B20461D81E7FEB5300C88AED /* Resources */ = {
			isa = PBXResourcesBuildPhase;
			buildActionMask = 2147483647;
			files = (
				B20461E81E7FEB5300C88AED /* LaunchScreen.storyboard in Resources */,
				B20461E51E7FEB5300C88AED /* Assets.xcassets in Resources */,
				B20461E31E7FEB5300C88AED /* Main.storyboard in Resources */,
			);
			runOnlyForDeploymentPostprocessing = 0;
		};
/* End PBXResourcesBuildPhase section */

/* Begin PBXShellScriptBuildPhase section */
		7DE9C52E35A94A865EBCD1CB /* [CP] Check Pods Manifest.lock */ = {
			isa = PBXShellScriptBuildPhase;
			buildActionMask = 2147483647;
			files = (
			);
			inputPaths = (
			);
			name = "[CP] Check Pods Manifest.lock";
			outputPaths = (
			);
			runOnlyForDeploymentPostprocessing = 0;
			shellPath = /bin/sh;
			shellScript = "diff \"${PODS_ROOT}/../Podfile.lock\" \"${PODS_ROOT}/Manifest.lock\" > /dev/null\nif [ $? != 0 ] ; then\n    # print error to STDERR\n    echo \"error: The sandbox is not in sync with the Podfile.lock. Run 'pod install' or update your CocoaPods installation.\" >&2\n    exit 1\nfi\n";
			showEnvVarsInLog = 0;
		};
		C41ADFD17C30EF2F61C44158 /* [CP] Copy Pods Resources */ = {
			isa = PBXShellScriptBuildPhase;
			buildActionMask = 2147483647;
			files = (
			);
			inputPaths = (
			);
			name = "[CP] Copy Pods Resources";
			outputPaths = (
			);
			runOnlyForDeploymentPostprocessing = 0;
			shellPath = /bin/sh;
			shellScript = "\"${SRCROOT}/Pods/Target Support Files/Pods-AutomCompleteProject/Pods-AutomCompleteProject-resources.sh\"\n";
			showEnvVarsInLog = 0;
		};
		E6B03299CCCCC204536469CA /* [CP] Embed Pods Frameworks */ = {
			isa = PBXShellScriptBuildPhase;
			buildActionMask = 2147483647;
			files = (
			);
			inputPaths = (
			);
			name = "[CP] Embed Pods Frameworks";
			outputPaths = (
			);
			runOnlyForDeploymentPostprocessing = 0;
			shellPath = /bin/sh;
			shellScript = "\"${SRCROOT}/Pods/Target Support Files/Pods-AutomCompleteProject/Pods-AutomCompleteProject-frameworks.sh\"\n";
			showEnvVarsInLog = 0;
		};
/* End PBXShellScriptBuildPhase section */

/* Begin PBXSourcesBuildPhase section */
		B20461D61E7FEB5300C88AED /* Sources */ = {
			isa = PBXSourcesBuildPhase;
			buildActionMask = 2147483647;
			files = (
				B20461E01E7FEB5300C88AED /* ViewController.swift in Sources */,
				B20461DE1E7FEB5300C88AED /* AppDelegate.swift in Sources */,
			);
			runOnlyForDeploymentPostprocessing = 0;
		};
/* End PBXSourcesBuildPhase section */

/* Begin PBXVariantGroup section */
		B20461E11E7FEB5300C88AED /* Main.storyboard */ = {
			isa = PBXVariantGroup;
			children = (
				B20461E21E7FEB5300C88AED /* Base */,
				B20461EF1E7FED4000C88AED /* he */,
			);
			name = Main.storyboard;
			sourceTree = "<group>";
		};
		B20461E61E7FEB5300C88AED /* LaunchScreen.storyboard */ = {
			isa = PBXVariantGroup;
			children = (
				B20461E71E7FEB5300C88AED /* Base */,
				B20461F01E7FED4000C88AED /* he */,
			);
			name = LaunchScreen.storyboard;
			sourceTree = "<group>";
		};
/* End PBXVariantGroup section */

/* Begin XCBuildConfiguration section */
		B20461EA1E7FEB5300C88AED /* Debug */ = {
			isa = XCBuildConfiguration;
			buildSettings = {
				ALWAYS_SEARCH_USER_PATHS = NO;
				CLANG_ANALYZER_LOCALIZABILITY_NONLOCALIZED = YES;
				CLANG_ANALYZER_NONNULL = YES;
				CLANG_CXX_LANGUAGE_STANDARD = "gnu++0x";
				CLANG_CXX_LIBRARY = "libc++";
				CLANG_ENABLE_MODULES = YES;
				CLANG_ENABLE_OBJC_ARC = YES;
				CLANG_WARN_BOOL_CONVERSION = YES;
				CLANG_WARN_CONSTANT_CONVERSION = YES;
				CLANG_WARN_DIRECT_OBJC_ISA_USAGE = YES_ERROR;
				CLANG_WARN_DOCUMENTATION_COMMENTS = YES;
				CLANG_WARN_EMPTY_BODY = YES;
				CLANG_WARN_ENUM_CONVERSION = YES;
				CLANG_WARN_INFINITE_RECURSION = YES;
				CLANG_WARN_INT_CONVERSION = YES;
				CLANG_WARN_OBJC_ROOT_CLASS = YES_ERROR;
				CLANG_WARN_SUSPICIOUS_MOVE = YES;
				CLANG_WARN_UNREACHABLE_CODE = YES;
				CLANG_WARN__DUPLICATE_METHOD_MATCH = YES;
				"CODE_SIGN_IDENTITY[sdk=iphoneos*]" = "iPhone Developer";
				COPY_PHASE_STRIP = NO;
				DEBUG_INFORMATION_FORMAT = dwarf;
				ENABLE_STRICT_OBJC_MSGSEND = YES;
				ENABLE_TESTABILITY = YES;
				GCC_C_LANGUAGE_STANDARD = gnu99;
				GCC_DYNAMIC_NO_PIC = NO;
				GCC_NO_COMMON_BLOCKS = YES;
				GCC_OPTIMIZATION_LEVEL = 0;
				GCC_PREPROCESSOR_DEFINITIONS = (
					"DEBUG=1",
					"$(inherited)",
				);
				GCC_WARN_64_TO_32_BIT_CONVERSION = YES;
				GCC_WARN_ABOUT_RETURN_TYPE = YES_ERROR;
				GCC_WARN_UNDECLARED_SELECTOR = YES;
				GCC_WARN_UNINITIALIZED_AUTOS = YES_AGGRESSIVE;
				GCC_WARN_UNUSED_FUNCTION = YES;
				GCC_WARN_UNUSED_VARIABLE = YES;
				IPHONEOS_DEPLOYMENT_TARGET = 10.2;
				MTL_ENABLE_DEBUG_INFO = YES;
				ONLY_ACTIVE_ARCH = YES;
				SDKROOT = iphoneos;
				SWIFT_ACTIVE_COMPILATION_CONDITIONS = DEBUG;
				SWIFT_OPTIMIZATION_LEVEL = "-Onone";
			};
			name = Debug;
		};
		B20461EB1E7FEB5300C88AED /* Release */ = {
			isa = XCBuildConfiguration;
			buildSettings = {
				ALWAYS_SEARCH_USER_PATHS = NO;
				CLANG_ANALYZER_LOCALIZABILITY_NONLOCALIZED = YES;
				CLANG_ANALYZER_NONNULL = YES;
				CLANG_CXX_LANGUAGE_STANDARD = "gnu++0x";
				CLANG_CXX_LIBRARY = "libc++";
				CLANG_ENABLE_MODULES = YES;
				CLANG_ENABLE_OBJC_ARC = YES;
				CLANG_WARN_BOOL_CONVERSION = YES;
				CLANG_WARN_CONSTANT_CONVERSION = YES;
				CLANG_WARN_DIRECT_OBJC_ISA_USAGE = YES_ERROR;
				CLANG_WARN_DOCUMENTATION_COMMENTS = YES;
				CLANG_WARN_EMPTY_BODY = YES;
				CLANG_WARN_ENUM_CONVERSION = YES;
				CLANG_WARN_INFINITE_RECURSION = YES;
				CLANG_WARN_INT_CONVERSION = YES;
				CLANG_WARN_OBJC_ROOT_CLASS = YES_ERROR;
				CLANG_WARN_SUSPICIOUS_MOVE = YES;
				CLANG_WARN_UNREACHABLE_CODE = YES;
				CLANG_WARN__DUPLICATE_METHOD_MATCH = YES;
				"CODE_SIGN_IDENTITY[sdk=iphoneos*]" = "iPhone Developer";
				COPY_PHASE_STRIP = NO;
				DEBUG_INFORMATION_FORMAT = "dwarf-with-dsym";
				ENABLE_NS_ASSERTIONS = NO;
				ENABLE_STRICT_OBJC_MSGSEND = YES;
				GCC_C_LANGUAGE_STANDARD = gnu99;
				GCC_NO_COMMON_BLOCKS = YES;
				GCC_WARN_64_TO_32_BIT_CONVERSION = YES;
				GCC_WARN_ABOUT_RETURN_TYPE = YES_ERROR;
				GCC_WARN_UNDECLARED_SELECTOR = YES;
				GCC_WARN_UNINITIALIZED_AUTOS = YES_AGGRESSIVE;
				GCC_WARN_UNUSED_FUNCTION = YES;
				GCC_WARN_UNUSED_VARIABLE = YES;
				IPHONEOS_DEPLOYMENT_TARGET = 10.2;
				MTL_ENABLE_DEBUG_INFO = NO;
				SDKROOT = iphoneos;
				SWIFT_OPTIMIZATION_LEVEL = "-Owholemodule";
				VALIDATE_PRODUCT = YES;
			};
			name = Release;
		};
		B20461ED1E7FEB5300C88AED /* Debug */ = {
			isa = XCBuildConfiguration;
			baseConfigurationReference = 9F1F79C66B72354B576D26E5 /* Pods-AutomCompleteProject.debug.xcconfig */;
			buildSettings = {
				ASSETCATALOG_COMPILER_APPICON_NAME = AppIcon;
				INFOPLIST_FILE = AutomCompleteProject/Info.plist;
				LD_RUNPATH_SEARCH_PATHS = "$(inherited) @executable_path/Frameworks";
				PRODUCT_BUNDLE_IDENTIFIER = xcoder.solutions.AutomCompleteProject;
				PRODUCT_NAME = "$(TARGET_NAME)";
				SWIFT_VERSION = 3.0;
			};
			name = Debug;
		};
		B20461EE1E7FEB5300C88AED /* Release */ = {
			isa = XCBuildConfiguration;
			baseConfigurationReference = F8D8A43BE27A6D1A31E82F86 /* Pods-AutomCompleteProject.release.xcconfig */;
			buildSettings = {
				ASSETCATALOG_COMPILER_APPICON_NAME = AppIcon;
				INFOPLIST_FILE = AutomCompleteProject/Info.plist;
				LD_RUNPATH_SEARCH_PATHS = "$(inherited) @executable_path/Frameworks";
				PRODUCT_BUNDLE_IDENTIFIER = xcoder.solutions.AutomCompleteProject;
				PRODUCT_NAME = "$(TARGET_NAME)";
				SWIFT_VERSION = 3.0;
			};
			name = Release;
		};
/* End XCBuildConfiguration section */

/* Begin XCConfigurationList section */
		B20461D51E7FEB5300C88AED /* Build configuration list for PBXProject "AutomCompleteProject" */ = {
			isa = XCConfigurationList;
			buildConfigurations = (
				B20461EA1E7FEB5300C88AED /* Debug */,
				B20461EB1E7FEB5300C88AED /* Release */,
			);
			defaultConfigurationIsVisible = 0;
			defaultConfigurationName = Release;
		};
		B20461EC1E7FEB5300C88AED /* Build configuration list for PBXNativeTarget "AutomCompleteProject" */ = {
			isa = XCConfigurationList;
			buildConfigurations = (
				B20461ED1E7FEB5300C88AED /* Debug */,
				B20461EE1E7FEB5300C88AED /* Release */,
			);
			defaultConfigurationIsVisible = 0;
			defaultConfigurationName = Release;
		};
/* End XCConfigurationList section */
	};
	rootObject = B20461D21E7FEB5300C88AED /* Project object */;
}
