// !$*UTF8*$!
{
	archiveVersion = 1;
	classes = {
	};
	objectVersion = 46;
	objects = {

/* Begin PBXBuildFile section */
		B20461FE1E7FF0F600C88AED /* AppDelegate.swift in Sources */ = {isa = PBXBuildFile; fileRef = B20461FD1E7FF0F600C88AED /* AppDelegate.swift */; };
		B20462001E7FF0F600C88AED /* ViewController.swift in Sources */ = {isa = PBXBuildFile; fileRef = B20461FF1E7FF0F600C88AED /* ViewController.swift */; };
		B20462031E7FF0F600C88AED /* Main.storyboard in Resources */ = {isa = PBXBuildFile; fileRef = B20462011E7FF0F600C88AED /* Main.storyboard */; };
		B20462051E7FF0F700C88AED /* Assets.xcassets in Resources */ = {isa = PBXBuildFile; fileRef = B20462041E7FF0F700C88AED /* Assets.xcassets */; };
		B20462081E7FF0F700C88AED /* LaunchScreen.storyboard in Resources */ = {isa = PBXBuildFile; fileRef = B20462061E7FF0F700C88AED /* LaunchScreen.storyboard */; };
/* End PBXBuildFile section */

/* Begin PBXFileReference section */
		B20461FA1E7FF0F600C88AED /* ControlsProject.app */ = {isa = PBXFileReference; explicitFileType = wrapper.application; includeInIndex = 0; path = ControlsProject.app; sourceTree = BUILT_PRODUCTS_DIR; };
		B20461FD1E7FF0F600C88AED /* AppDelegate.swift */ = {isa = PBXFileReference; lastKnownFileType = sourcecode.swift; path = AppDelegate.swift; sourceTree = "<group>"; };
		B20461FF1E7FF0F600C88AED /* ViewController.swift */ = {isa = PBXFileReference; lastKnownFileType = sourcecode.swift; path = ViewController.swift; sourceTree = "<group>"; };
		B20462021E7FF0F600C88AED /* Base */ = {isa = PBXFileReference; lastKnownFileType = file.storyboard; name = Base; path = Base.lproj/Main.storyboard; sourceTree = "<group>"; };
		B20462041E7FF0F700C88AED /* Assets.xcassets */ = {isa = PBXFileReference; lastKnownFileType = folder.assetcatalog; path = Assets.xcassets; sourceTree = "<group>"; };
		B20462071E7FF0F700C88AED /* Base */ = {isa = PBXFileReference; lastKnownFileType = file.storyboard; name = Base; path = Base.lproj/LaunchScreen.storyboard; sourceTree = "<group>"; };
		B20462091E7FF0F700C88AED /* Info.plist */ = {isa = PBXFileReference; lastKnownFileType = text.plist.xml; path = Info.plist; sourceTree = "<group>"; };
/* End PBXFileReference section */

/* Begin PBXFrameworksBuildPhase section */
		B20461F71E7FF0F600C88AED /* Frameworks */ = {
			isa = PBXFrameworksBuildPhase;
			buildActionMask = 2147483647;
			files = (
			);
			runOnlyForDeploymentPostprocessing = 0;
		};
/* End PBXFrameworksBuildPhase section */

/* Begin PBXGroup section */
		B20461F11E7FF0F600C88AED = {
			isa = PBXGroup;
			children = (
				B20461FC1E7FF0F600C88AED /* ControlsProject */,
				B20461FB1E7FF0F600C88AED /* Products */,
			);
			sourceTree = "<group>";
		};
		B20461FB1E7FF0F600C88AED /* Products */ = {
			isa = PBXGroup;
			children = (
				B20461FA1E7FF0F600C88AED /* ControlsProject.app */,
			);
			name = Products;
			sourceTree = "<group>";
		};
		B20461FC1E7FF0F600C88AED /* ControlsProject */ = {
			isa = PBXGroup;
			children = (
				B20461FD1E7FF0F600C88AED /* AppDelegate.swift */,
				B20461FF1E7FF0F600C88AED /* ViewController.swift */,
				B20462011E7FF0F600C88AED /* Main.storyboard */,
				B20462041E7FF0F700C88AED /* Assets.xcassets */,
				B20462061E7FF0F700C88AED /* LaunchScreen.storyboard */,
				B20462091E7FF0F700C88AED /* Info.plist */,
			);
			path = ControlsProject;
			sourceTree = "<group>";
		};
/* End PBXGroup section */

/* Begin PBXNativeTarget section */
		B20461F91E7FF0F600C88AED /* ControlsProject */ = {
			isa = PBXNativeTarget;
			buildConfigurationList = B204620C1E7FF0F700C88AED /* Build configuration list for PBXNativeTarget "ControlsProject" */;
			buildPhases = (
				B20461F61E7FF0F600C88AED /* Sources */,
				B20461F71E7FF0F600C88AED /* Frameworks */,
				B20461F81E7FF0F600C88AED /* Resources */,
			);
			buildRules = (
			);
			dependencies = (
			);
			name = ControlsProject;
			productName = ControlsProject;
			productReference = B20461FA1E7FF0F600C88AED /* ControlsProject.app */;
			productType = "com.apple.product-type.application";
		};
/* End PBXNativeTarget section */

/* Begin PBXProject section */
		B20461F21E7FF0F600C88AED /* Project object */ = {
			isa = PBXProject;
			attributes = {
				LastSwiftUpdateCheck = 0820;
				LastUpgradeCheck = 0820;
				ORGANIZATIONNAME = xcoder.solutions;
				TargetAttributes = {
					B20461F91E7FF0F600C88AED = {
						CreatedOnToolsVersion = 8.2.1;
						ProvisioningStyle = Automatic;
					};
				};
			};
			buildConfigurationList = B20461F51E7FF0F600C88AED /* Build configuration list for PBXProject "ControlsProject" */;
			compatibilityVersion = "Xcode 3.2";
			developmentRegion = English;
			hasScannedForEncodings = 0;
			knownRegions = (
				en,
				Base,
			);
			mainGroup = B20461F11E7FF0F600C88AED;
			productRefGroup = B20461FB1E7FF0F600C88AED /* Products */;
			projectDirPath = "";
			projectRoot = "";
			targets = (
				B20461F91E7FF0F600C88AED /* ControlsProject */,
			);
		};
/* End PBXProject section */

/* Begin PBXResourcesBuildPhase section */
		B20461F81E7FF0F600C88AED /* Resources */ = {
			isa = PBXResourcesBuildPhase;
			buildActionMask = 2147483647;
			files = (
				B20462081E7FF0F700C88AED /* LaunchScreen.storyboard in Resources */,
				B20462051E7FF0F700C88AED /* Assets.xcassets in Resources */,
				B20462031E7FF0F600C88AED /* Main.storyboard in Resources */,
			);
			runOnlyForDeploymentPostprocessing = 0;
		};
/* End PBXResourcesBuildPhase section */

/* Begin PBXSourcesBuildPhase section */
		B20461F61E7FF0F600C88AED /* Sources */ = {
			isa = PBXSourcesBuildPhase;
			buildActionMask = 2147483647;
			files = (
				B20462001E7FF0F600C88AED /* ViewController.swift in Sources */,
				B20461FE1E7FF0F600C88AED /* AppDelegate.swift in Sources */,
			);
			runOnlyForDeploymentPostprocessing = 0;
		};
/* End PBXSourcesBuildPhase section */

/* Begin PBXVariantGroup section */
		B20462011E7FF0F600C88AED /* Main.storyboard */ = {
			isa = PBXVariantGroup;
			children = (
				B20462021E7FF0F600C88AED /* Base */,
			);
			name = Main.storyboard;
			sourceTree = "<group>";
		};
		B20462061E7FF0F700C88AED /* LaunchScreen.storyboard */ = {
			isa = PBXVariantGroup;
			children = (
				B20462071E7FF0F700C88AED /* Base */,
			);
			name = LaunchScreen.storyboard;
			sourceTree = "<group>";
		};
/* End PBXVariantGroup section */

/* Begin XCBuildConfiguration section */
		B204620A1E7FF0F700C88AED /* Debug */ = {
			isa = XCBuildConfiguration;
			buildSettings = {
				ALWAYS_SEARCH_USER_PATHS = NO;
				CLANG_ANALYZER_NONNULL = YES;
				CLANG_CXX_LANGUAGE_STANDARD = "gnu++0x";
				CLANG_CXX_LIBRARY = "libc++";
				CLANG_ENABLE_MODULES = YES;
				CLANG_ENABLE_OBJC_ARC = YES;
				CLANG_WARN_BOOL_CONVERSION = YES;
				CLANG_WARN_CONSTANT_CONVERSION = YES;
				CLANG_WARN_DIRECT_OBJC_ISA_USAGE = YES_ERROR;
				CLANG_WARN_DOCUMENTATION_COMMENTS = YES;
				CLANG_WARN_EMPTY_BODY = YES;
				CLANG_WARN_ENUM_CONVERSION = YES;
				CLANG_WARN_INFINITE_RECURSION = YES;
				CLANG_WARN_INT_CONVERSION = YES;
				CLANG_WARN_OBJC_ROOT_CLASS = YES_ERROR;
				CLANG_WARN_SUSPICIOUS_MOVE = YES;
				CLANG_WARN_UNREACHABLE_CODE = YES;
				CLANG_WARN__DUPLICATE_METHOD_MATCH = YES;
				"CODE_SIGN_IDENTITY[sdk=iphoneos*]" = "iPhone Developer";
				COPY_PHASE_STRIP = NO;
				DEBUG_INFORMATION_FORMAT = dwarf;
				ENABLE_STRICT_OBJC_MSGSEND = YES;
				ENABLE_TESTABILITY = YES;
				GCC_C_LANGUAGE_STANDARD = gnu99;
				GCC_DYNAMIC_NO_PIC = NO;
				GCC_NO_COMMON_BLOCKS = YES;
				GCC_OPTIMIZATION_LEVEL = 0;
				GCC_PREPROCESSOR_DEFINITIONS = (
					"DEBUG=1",
					"$(inherited)",
				);
				GCC_WARN_64_TO_32_BIT_CONVERSION = YES;
				GCC_WARN_ABOUT_RETURN_TYPE = YES_ERROR;
				GCC_WARN_UNDECLARED_SELECTOR = YES;
				GCC_WARN_UNINITIALIZED_AUTOS = YES_AGGRESSIVE;
				GCC_WARN_UNUSED_FUNCTION = YES;
				GCC_WARN_UNUSED_VARIABLE = YES;
				IPHONEOS_DEPLOYMENT_TARGET = 10.2;
				MTL_ENABLE_DEBUG_INFO = YES;
				ONLY_ACTIVE_ARCH = YES;
				SDKROOT = iphoneos;
				SWIFT_ACTIVE_COMPILATION_CONDITIONS = DEBUG;
				SWIFT_OPTIMIZATION_LEVEL = "-Onone";
			};
			name = Debug;
		};
		B204620B1E7FF0F700C88AED /* Release */ = {
			isa = XCBuildConfiguration;
			buildSettings = {
				ALWAYS_SEARCH_USER_PATHS = NO;
				CLANG_ANALYZER_NONNULL = YES;
				CLANG_CXX_LANGUAGE_STANDARD = "gnu++0x";
				CLANG_CXX_LIBRARY = "libc++";
				CLANG_ENABLE_MODULES = YES;
				CLANG_ENABLE_OBJC_ARC = YES;
				CLANG_WARN_BOOL_CONVERSION = YES;
				CLANG_WARN_CONSTANT_CONVERSION = YES;
				CLANG_WARN_DIRECT_OBJC_ISA_USAGE = YES_ERROR;
				CLANG_WARN_DOCUMENTATION_COMMENTS = YES;
				CLANG_WARN_EMPTY_BODY = YES;
				CLANG_WARN_ENUM_CONVERSION = YES;
				CLANG_WARN_INFINITE_RECURSION = YES;
				CLANG_WARN_INT_CONVERSION = YES;
				CLANG_WARN_OBJC_ROOT_CLASS = YES_ERROR;
				CLANG_WARN_SUSPICIOUS_MOVE = YES;
				CLANG_WARN_UNREACHABLE_CODE = YES;
				CLANG_WARN__DUPLICATE_METHOD_MATCH = YES;
				"CODE_SIGN_IDENTITY[sdk=iphoneos*]" = "iPhone Developer";
				COPY_PHASE_STRIP = NO;
				DEBUG_INFORMATION_FORMAT = "dwarf-with-dsym";
				ENABLE_NS_ASSERTIONS = NO;
				ENABLE_STRICT_OBJC_MSGSEND = YES;
				GCC_C_LANGUAGE_STANDARD = gnu99;
				GCC_NO_COMMON_BLOCKS = YES;
				GCC_WARN_64_TO_32_BIT_CONVERSION = YES;
				GCC_WARN_ABOUT_RETURN_TYPE = YES_ERROR;
				GCC_WARN_UNDECLARED_SELECTOR = YES;
				GCC_WARN_UNINITIALIZED_AUTOS = YES_AGGRESSIVE;
				GCC_WARN_UNUSED_FUNCTION = YES;
				GCC_WARN_UNUSED_VARIABLE = YES;
				IPHONEOS_DEPLOYMENT_TARGET = 10.2;
				MTL_ENABLE_DEBUG_INFO = NO;
				SDKROOT = iphoneos;
				SWIFT_OPTIMIZATION_LEVEL = "-Owholemodule";
				VALIDATE_PRODUCT = YES;
			};
			name = Release;
		};
		B204620D1E7FF0F700C88AED /* Debug */ = {
			isa = XCBuildConfiguration;
			buildSettings = {
				ASSETCATALOG_COMPILER_APPICON_NAME = AppIcon;
				INFOPLIST_FILE = ControlsProject/Info.plist;
				LD_RUNPATH_SEARCH_PATHS = "$(inherited) @executable_path/Frameworks";
				PRODUCT_BUNDLE_IDENTIFIER = xcoder.solutions.ControlsProject;
				PRODUCT_NAME = "$(TARGET_NAME)";
				SWIFT_VERSION = 3.0;
			};
			name = Debug;
		};
		B204620E1E7FF0F700C88AED /* Release */ = {
			isa = XCBuildConfiguration;
			buildSettings = {
				ASSETCATALOG_COMPILER_APPICON_NAME = AppIcon;
				INFOPLIST_FILE = ControlsProject/Info.plist;
				LD_RUNPATH_SEARCH_PATHS = "$(inherited) @executable_path/Frameworks";
				PRODUCT_BUNDLE_IDENTIFIER = xcoder.solutions.ControlsProject;
				PRODUCT_NAME = "$(TARGET_NAME)";
				SWIFT_VERSION = 3.0;
			};
			name = Release;
		};
/* End XCBuildConfiguration section */

/* Begin XCConfigurationList section */
		B20461F51E7FF0F600C88AED /* Build configuration list for PBXProject "ControlsProject" */ = {
			isa = XCConfigurationList;
			buildConfigurations = (
				B204620A1E7FF0F700C88AED /* Debug */,
				B204620B1E7FF0F700C88AED /* Release */,
			);
			defaultConfigurationIsVisible = 0;
			defaultConfigurationName = Release;
		};
		B204620C1E7FF0F700C88AED /* Build configuration list for PBXNativeTarget "ControlsProject" */ = {
			isa = XCConfigurationList;
			buildConfigurations = (
				B204620D1E7FF0F700C88AED /* Debug */,
				B204620E1E7FF0F700C88AED /* Release */,
			);
			defaultConfigurationIsVisible = 0;
		};
/* End XCConfigurationList section */
	};
	rootObject = B20461F21E7FF0F600C88AED /* Project object */;
}
