// !$*UTF8*$!
{
	archiveVersion = 1;
	classes = {
	};
	objectVersion = 46;
	objects = {

/* Begin PBXBuildFile section */
		B20E18291E67FB4200F1EB82 /* AppDelegate.swift in Sources */ = {isa = PBXBuildFile; fileRef = B20E18281E67FB4200F1EB82 /* AppDelegate.swift */; };
		B20E182B1E67FB4200F1EB82 /* ViewController.swift in Sources */ = {isa = PBXBuildFile; fileRef = B20E182A1E67FB4200F1EB82 /* ViewController.swift */; };
		B20E182E1E67FB4200F1EB82 /* Main.storyboard in Resources */ = {isa = PBXBuildFile; fileRef = B20E182C1E67FB4200F1EB82 /* Main.storyboard */; };
		B20E18301E67FB4300F1EB82 /* Assets.xcassets in Resources */ = {isa = PBXBuildFile; fileRef = B20E182F1E67FB4300F1EB82 /* Assets.xcassets */; };
		B20E18331E67FB4300F1EB82 /* LaunchScreen.storyboard in Resources */ = {isa = PBXBuildFile; fileRef = B20E18311E67FB4300F1EB82 /* LaunchScreen.storyboard */; };
/* End PBXBuildFile section */

/* Begin PBXFileReference section */
		B20E18251E67FB4200F1EB82 /* Homework_2_3_2017.app */ = {isa = PBXFileReference; explicitFileType = wrapper.application; includeInIndex = 0; path = Homework_2_3_2017.app; sourceTree = BUILT_PRODUCTS_DIR; };
		B20E18281E67FB4200F1EB82 /* AppDelegate.swift */ = {isa = PBXFileReference; lastKnownFileType = sourcecode.swift; path = AppDelegate.swift; sourceTree = "<group>"; };
		B20E182A1E67FB4200F1EB82 /* ViewController.swift */ = {isa = PBXFileReference; lastKnownFileType = sourcecode.swift; path = ViewController.swift; sourceTree = "<group>"; };
		B20E182D1E67FB4200F1EB82 /* Base */ = {isa = PBXFileReference; lastKnownFileType = file.storyboard; name = Base; path = Base.lproj/Main.storyboard; sourceTree = "<group>"; };
		B20E182F1E67FB4300F1EB82 /* Assets.xcassets */ = {isa = PBXFileReference; lastKnownFileType = folder.assetcatalog; path = Assets.xcassets; sourceTree = "<group>"; };
		B20E18321E67FB4300F1EB82 /* Base */ = {isa = PBXFileReference; lastKnownFileType = file.storyboard; name = Base; path = Base.lproj/LaunchScreen.storyboard; sourceTree = "<group>"; };
		B20E18341E67FB4300F1EB82 /* Info.plist */ = {isa = PBXFileReference; lastKnownFileType = text.plist.xml; path = Info.plist; sourceTree = "<group>"; };
/* End PBXFileReference section */

/* Begin PBXFrameworksBuildPhase section */
		B20E18221E67FB4200F1EB82 /* Frameworks */ = {
			isa = PBXFrameworksBuildPhase;
			buildActionMask = 2147483647;
			files = (
			);
			runOnlyForDeploymentPostprocessing = 0;
		};
/* End PBXFrameworksBuildPhase section */

/* Begin PBXGroup section */
		B20E181C1E67FB4200F1EB82 = {
			isa = PBXGroup;
			children = (
				B20E18271E67FB4200F1EB82 /* Homework_2_3_2017 */,
				B20E18261E67FB4200F1EB82 /* Products */,
			);
			sourceTree = "<group>";
		};
		B20E18261E67FB4200F1EB82 /* Products */ = {
			isa = PBXGroup;
			children = (
				B20E18251E67FB4200F1EB82 /* Homework_2_3_2017.app */,
			);
			name = Products;
			sourceTree = "<group>";
		};
		B20E18271E67FB4200F1EB82 /* Homework_2_3_2017 */ = {
			isa = PBXGroup;
			children = (
				B20E18281E67FB4200F1EB82 /* AppDelegate.swift */,
				B20E182A1E67FB4200F1EB82 /* ViewController.swift */,
				B20E182C1E67FB4200F1EB82 /* Main.storyboard */,
				B20E182F1E67FB4300F1EB82 /* Assets.xcassets */,
				B20E18311E67FB4300F1EB82 /* LaunchScreen.storyboard */,
				B20E18341E67FB4300F1EB82 /* Info.plist */,
			);
			path = Homework_2_3_2017;
			sourceTree = "<group>";
		};
/* End PBXGroup section */

/* Begin PBXNativeTarget section */
		B20E18241E67FB4200F1EB82 /* Homework_2_3_2017 */ = {
			isa = PBXNativeTarget;
			buildConfigurationList = B20E18371E67FB4300F1EB82 /* Build configuration list for PBXNativeTarget "Homework_2_3_2017" */;
			buildPhases = (
				B20E18211E67FB4200F1EB82 /* Sources */,
				B20E18221E67FB4200F1EB82 /* Frameworks */,
				B20E18231E67FB4200F1EB82 /* Resources */,
			);
			buildRules = (
			);
			dependencies = (
			);
			name = Homework_2_3_2017;
			productName = Homework_2_3_2017;
			productReference = B20E18251E67FB4200F1EB82 /* Homework_2_3_2017.app */;
			productType = "com.apple.product-type.application";
		};
/* End PBXNativeTarget section */

/* Begin PBXProject section */
		B20E181D1E67FB4200F1EB82 /* Project object */ = {
			isa = PBXProject;
			attributes = {
				LastSwiftUpdateCheck = 0820;
				LastUpgradeCheck = 0820;
				ORGANIZATIONNAME = xcoder.solutions;
				TargetAttributes = {
					B20E18241E67FB4200F1EB82 = {
						CreatedOnToolsVersion = 8.2.1;
						ProvisioningStyle = Automatic;
					};
				};
			};
			buildConfigurationList = B20E18201E67FB4200F1EB82 /* Build configuration list for PBXProject "Homework_2_3_2017" */;
			compatibilityVersion = "Xcode 3.2";
			developmentRegion = English;
			hasScannedForEncodings = 0;
			knownRegions = (
				en,
				Base,
			);
			mainGroup = B20E181C1E67FB4200F1EB82;
			productRefGroup = B20E18261E67FB4200F1EB82 /* Products */;
			projectDirPath = "";
			projectRoot = "";
			targets = (
				B20E18241E67FB4200F1EB82 /* Homework_2_3_2017 */,
			);
		};
/* End PBXProject section */

/* Begin PBXResourcesBuildPhase section */
		B20E18231E67FB4200F1EB82 /* Resources */ = {
			isa = PBXResourcesBuildPhase;
			buildActionMask = 2147483647;
			files = (
				B20E18331E67FB4300F1EB82 /* LaunchScreen.storyboard in Resources */,
				B20E18301E67FB4300F1EB82 /* Assets.xcassets in Resources */,
				B20E182E1E67FB4200F1EB82 /* Main.storyboard in Resources */,
			);
			runOnlyForDeploymentPostprocessing = 0;
		};
/* End PBXResourcesBuildPhase section */

/* Begin PBXSourcesBuildPhase section */
		B20E18211E67FB4200F1EB82 /* Sources */ = {
			isa = PBXSourcesBuildPhase;
			buildActionMask = 2147483647;
			files = (
				B20E182B1E67FB4200F1EB82 /* ViewController.swift in Sources */,
				B20E18291E67FB4200F1EB82 /* AppDelegate.swift in Sources */,
			);
			runOnlyForDeploymentPostprocessing = 0;
		};
/* End PBXSourcesBuildPhase section */

/* Begin PBXVariantGroup section */
		B20E182C1E67FB4200F1EB82 /* Main.storyboard */ = {
			isa = PBXVariantGroup;
			children = (
				B20E182D1E67FB4200F1EB82 /* Base */,
			);
			name = Main.storyboard;
			sourceTree = "<group>";
		};
		B20E18311E67FB4300F1EB82 /* LaunchScreen.storyboard */ = {
			isa = PBXVariantGroup;
			children = (
				B20E18321E67FB4300F1EB82 /* Base */,
			);
			name = LaunchScreen.storyboard;
			sourceTree = "<group>";
		};
/* End PBXVariantGroup section */

/* Begin XCBuildConfiguration section */
		B20E18351E67FB4300F1EB82 /* Debug */ = {
			isa = XCBuildConfiguration;
			buildSettings = {
				ALWAYS_SEARCH_USER_PATHS = NO;
				CLANG_ANALYZER_NONNULL = YES;
				CLANG_CXX_LANGUAGE_STANDARD = "gnu++0x";
				CLANG_CXX_LIBRARY = "libc++";
				CLANG_ENABLE_MODULES = YES;
				CLANG_ENABLE_OBJC_ARC = YES;
				CLANG_WARN_BOOL_CONVERSION = YES;
				CLANG_WARN_CONSTANT_CONVERSION = YES;
				CLANG_WARN_DIRECT_OBJC_ISA_USAGE = YES_ERROR;
				CLANG_WARN_DOCUMENTATION_COMMENTS = YES;
				CLANG_WARN_EMPTY_BODY = YES;
				CLANG_WARN_ENUM_CONVERSION = YES;
				CLANG_WARN_INFINITE_RECURSION = YES;
				CLANG_WARN_INT_CONVERSION = YES;
				CLANG_WARN_OBJC_ROOT_CLASS = YES_ERROR;
				CLANG_WARN_SUSPICIOUS_MOVE = YES;
				CLANG_WARN_UNREACHABLE_CODE = YES;
				CLANG_WARN__DUPLICATE_METHOD_MATCH = YES;
				"CODE_SIGN_IDENTITY[sdk=iphoneos*]" = "iPhone Developer";
				COPY_PHASE_STRIP = NO;
				DEBUG_INFORMATION_FORMAT = dwarf;
				ENABLE_STRICT_OBJC_MSGSEND = YES;
				ENABLE_TESTABILITY = YES;
				GCC_C_LANGUAGE_STANDARD = gnu99;
				GCC_DYNAMIC_NO_PIC = NO;
				GCC_NO_COMMON_BLOCKS = YES;
				GCC_OPTIMIZATION_LEVEL = 0;
				GCC_PREPROCESSOR_DEFINITIONS = (
					"DEBUG=1",
					"$(inherited)",
				);
				GCC_WARN_64_TO_32_BIT_CONVERSION = YES;
				GCC_WARN_ABOUT_RETURN_TYPE = YES_ERROR;
				GCC_WARN_UNDECLARED_SELECTOR = YES;
				GCC_WARN_UNINITIALIZED_AUTOS = YES_AGGRESSIVE;
				GCC_WARN_UNUSED_FUNCTION = YES;
				GCC_WARN_UNUSED_VARIABLE = YES;
				IPHONEOS_DEPLOYMENT_TARGET = 10.2;
				MTL_ENABLE_DEBUG_INFO = YES;
				ONLY_ACTIVE_ARCH = YES;
				SDKROOT = iphoneos;
				SWIFT_ACTIVE_COMPILATION_CONDITIONS = DEBUG;
				SWIFT_OPTIMIZATION_LEVEL = "-Onone";
			};
			name = Debug;
		};
		B20E18361E67FB4300F1EB82 /* Release */ = {
			isa = XCBuildConfiguration;
			buildSettings = {
				ALWAYS_SEARCH_USER_PATHS = NO;
				CLANG_ANALYZER_NONNULL = YES;
				CLANG_CXX_LANGUAGE_STANDARD = "gnu++0x";
				CLANG_CXX_LIBRARY = "libc++";
				CLANG_ENABLE_MODULES = YES;
				CLANG_ENABLE_OBJC_ARC = YES;
				CLANG_WARN_BOOL_CONVERSION = YES;
				CLANG_WARN_CONSTANT_CONVERSION = YES;
				CLANG_WARN_DIRECT_OBJC_ISA_USAGE = YES_ERROR;
				CLANG_WARN_DOCUMENTATION_COMMENTS = YES;
				CLANG_WARN_EMPTY_BODY = YES;
				CLANG_WARN_ENUM_CONVERSION = YES;
				CLANG_WARN_INFINITE_RECURSION = YES;
				CLANG_WARN_INT_CONVERSION = YES;
				CLANG_WARN_OBJC_ROOT_CLASS = YES_ERROR;
				CLANG_WARN_SUSPICIOUS_MOVE = YES;
				CLANG_WARN_UNREACHABLE_CODE = YES;
				CLANG_WARN__DUPLICATE_METHOD_MATCH = YES;
				"CODE_SIGN_IDENTITY[sdk=iphoneos*]" = "iPhone Developer";
				COPY_PHASE_STRIP = NO;
				DEBUG_INFORMATION_FORMAT = "dwarf-with-dsym";
				ENABLE_NS_ASSERTIONS = NO;
				ENABLE_STRICT_OBJC_MSGSEND = YES;
				GCC_C_LANGUAGE_STANDARD = gnu99;
				GCC_NO_COMMON_BLOCKS = YES;
				GCC_WARN_64_TO_32_BIT_CONVERSION = YES;
				GCC_WARN_ABOUT_RETURN_TYPE = YES_ERROR;
				GCC_WARN_UNDECLARED_SELECTOR = YES;
				GCC_WARN_UNINITIALIZED_AUTOS = YES_AGGRESSIVE;
				GCC_WARN_UNUSED_FUNCTION = YES;
				GCC_WARN_UNUSED_VARIABLE = YES;
				IPHONEOS_DEPLOYMENT_TARGET = 10.2;
				MTL_ENABLE_DEBUG_INFO = NO;
				SDKROOT = iphoneos;
				SWIFT_OPTIMIZATION_LEVEL = "-Owholemodule";
				VALIDATE_PRODUCT = YES;
			};
			name = Release;
		};
		B20E18381E67FB4300F1EB82 /* Debug */ = {
			isa = XCBuildConfiguration;
			buildSettings = {
				ASSETCATALOG_COMPILER_APPICON_NAME = AppIcon;
				INFOPLIST_FILE = Homework_2_3_2017/Info.plist;
				LD_RUNPATH_SEARCH_PATHS = "$(inherited) @executable_path/Frameworks";
				PRODUCT_BUNDLE_IDENTIFIER = "xcoder.solutions.Homework-2-3-2017";
				PRODUCT_NAME = "$(TARGET_NAME)";
				SWIFT_VERSION = 3.0;
			};
			name = Debug;
		};
		B20E18391E67FB4300F1EB82 /* Release */ = {
			isa = XCBuildConfiguration;
			buildSettings = {
				ASSETCATALOG_COMPILER_APPICON_NAME = AppIcon;
				INFOPLIST_FILE = Homework_2_3_2017/Info.plist;
				LD_RUNPATH_SEARCH_PATHS = "$(inherited) @executable_path/Frameworks";
				PRODUCT_BUNDLE_IDENTIFIER = "xcoder.solutions.Homework-2-3-2017";
				PRODUCT_NAME = "$(TARGET_NAME)";
				SWIFT_VERSION = 3.0;
			};
			name = Release;
		};
/* End XCBuildConfiguration section */

/* Begin XCConfigurationList section */
		B20E18201E67FB4200F1EB82 /* Build configuration list for PBXProject "Homework_2_3_2017" */ = {
			isa = XCConfigurationList;
			buildConfigurations = (
				B20E18351E67FB4300F1EB82 /* Debug */,
				B20E18361E67FB4300F1EB82 /* Release */,
			);
			defaultConfigurationIsVisible = 0;
			defaultConfigurationName = Release;
		};
		B20E18371E67FB4300F1EB82 /* Build configuration list for PBXNativeTarget "Homework_2_3_2017" */ = {
			isa = XCConfigurationList;
			buildConfigurations = (
				B20E18381E67FB4300F1EB82 /* Debug */,
				B20E18391E67FB4300F1EB82 /* Release */,
			);
			defaultConfigurationIsVisible = 0;
		};
/* End XCConfigurationList section */
	};
	rootObject = B20E181D1E67FB4200F1EB82 /* Project object */;
}
